Microsoft Visual Studio Solution File, Format Version 12.00
# Visual Studio Version 17
VisualStudioVersion = 17.5.2.0
MinimumVisualStudioVersion = 10.0.40219.1
Project("{FAE04EC0-301F-11D3-BF4B-00C04F79EFBC}") = "AppConfigSingleton", "AppConfigSingleton.csproj", "{3787DB6F-BB44-2BAD-5239-E5FCCD01EEFF}"
EndProject
Global
	GlobalSection(SolutionConfigurationPlatforms) = preSolution
		Debug|Any CPU = Debug|Any CPU
		Release|Any CPU = Release|Any CPU
	EndGlobalSection
	GlobalSection(ProjectConfigurationPlatforms) = postSolution
		{3787DB6F-BB44-2BAD-5239-E5FCCD01EEFF}.Debug|Any CPU.ActiveCfg = Debug|Any CPU
		{3787DB6F-BB44-2BAD-5239-E5FCCD01EEFF}.Debug|Any CPU.Build.0 = Debug|Any CPU
		{3787DB6F-BB44-2BAD-5239-E5FCCD01EEFF}.Release|Any CPU.ActiveCfg = Release|Any CPU
		{3787DB6F-BB44-2BAD-5239-E5FCCD01EEFF}.Release|Any CPU.Build.0 = Release|Any CPU
	EndGlobalSection
	GlobalSection(SolutionProperties) = preSolution
		HideSolutionNode = FALSE
	EndGlobalSection
	GlobalSection(ExtensibilityGlobals) = postSolution
		SolutionGuid = {E0C9DA92-CAE4-4721-AC96-C6AD757BFFFB}
	EndGlobalSection
EndGlobal
